{
  "name": "gaussian-mixture-model",
  "version": "1.1.1",
  "lockfileVersion": 3,
  "requires": true,
  "packages": {
    "": {
      "name": "gaussian-mixture-model",
      "version": "1.1.1",
      "license": "MIT",
      "dependencies": {
        "cholesky-tools": "*"
      },
      "devDependencies": {
        "@types/node": "^18.11.9",
        "picocolors": "^1.0.0"
      }
    },
    "node_modules/@types/node": {
      "version": "18.17.16",
      "resolved": "https://registry.npmjs.org/@types/node/-/node-18.17.16.tgz",
      "integrity": "sha512-e0zgs7qe1XH/X3KEPnldfkD07LH9O1B9T31U8qoO7lqGSjj3/IrBuvqMeJ1aYejXRK3KOphIUDw6pLIplEW17A==",
      "dev": true
    },
    "node_modules/cholesky-tools": {
      "version": "0.1.7",
      "resolved": "https://registry.npmjs.org/cholesky-tools/-/cholesky-tools-0.1.7.tgz",
      "integrity": "sha512-6P7HS8jIrmRBsWkhXmxXPJsRXZqGaTj7P54RbXZ1L/Y5CZ0Pe+e5ood8GubcWSusI8dsdZVihZldsL15I5ZeFg=="
    },
    "node_modules/picocolors": {
      "version": "1.0.0",
      "resolved": "https://registry.npmjs.org/picocolors/-/picocolors-1.0.0.tgz",
      "integrity": "sha512-1fygroTLlHu66zi26VoTDv8yRgm0Fccecssto+MhsZ0D/DGW2sm8E8AjW7NU5VVTRt5GxbeZ5qBuJr+HyLYkjQ==",
      "dev": true
    }
  }
}
