{
  "name": "gaussian-mixture-model",
  "version": "1.1.4",
  "lockfileVersion": 3,
  "requires": true,
  "packages": {
    "": {
      "name": "gaussian-mixture-model",
      "version": "1.1.4",
      "license": "MIT",
      "devDependencies": {
        "@types/node": "^18.11.9",
        "picocolors": "^1.0.0"
      }
    },
    "node_modules/@types/node": {
      "version": "18.17.17",
      "resolved": "https://registry.npmjs.org/@types/node/-/node-18.17.17.tgz",
      "integrity": "sha512-cOxcXsQ2sxiwkykdJqvyFS+MLQPLvIdwh5l6gNg8qF6s+C7XSkEWOZjK+XhUZd+mYvHV/180g2cnCcIl4l06Pw==",
      "dev": true
    },
    "node_modules/picocolors": {
      "version": "1.0.0",
      "resolved": "https://registry.npmjs.org/picocolors/-/picocolors-1.0.0.tgz",
      "integrity": "sha512-1fygroTLlHu66zi26VoTDv8yRgm0Fccecssto+MhsZ0D/DGW2sm8E8AjW7NU5VVTRt5GxbeZ5qBuJr+HyLYkjQ==",
      "dev": true
    }
  }
}
